Microsoft Visual Studio Solution File, Format Version 11.00
# Visual Studio 2010
Project("{FAE04EC0-301F-11D3-BF4B-00C04F79EFBC}") = "Line2DChart", "Line2DChart.csproj", "{C5AD8867-72D6-4D56-8534-65986391FE25}"
EndProject
Global
	GlobalSection(SolutionConfigurationPlatforms) = preSolution
		Debug|Any CPU = Debug|Any CPU
		Release|Any CPU = Release|Any CPU
	EndGlobalSection
	GlobalSection(ProjectConfigurationPlatforms) = postSolution
		{C5AD8867-72D6-4D56-8534-65986391FE25}.Debug|Any CPU.ActiveCfg = Debug|Any CPU
		{C5AD8867-72D6-4D56-8534-65986391FE25}.Debug|Any CPU.Build.0 = Debug|Any CPU
		{C5AD8867-72D6-4D56-8534-65986391FE25}.Release|Any CPU.ActiveCfg = Release|Any CPU
		{C5AD8867-72D6-4D56-8534-65986391FE25}.Release|Any CPU.Build.0 = Release|Any CPU
	EndGlobalSection
	GlobalSection(SolutionProperties) = preSolution
		HideSolutionNode = FALSE
	EndGlobalSection
EndGlobal
