
Microsoft Visual Studio Solution File, Format Version 12.00
# Visual Studio 2013
VisualStudioVersion = 12.0.21005.1
MinimumVisualStudioVersion = 10.0.40219.1
Project("{2150E333-8FDC-42A3-9474-1A3956D46DE8}") = ".nuget", ".nuget", "{1F7343FE-B915-4A49-987A-AF1DA256ABA6}"
	ProjectSection(SolutionItems) = preProject
		.nuget\NuGet.exe = .nuget\NuGet.exe
		.nuget\NuGet.targets = .nuget\NuGet.targets
	EndProjectSection
EndProject
Project("{FAE04EC0-301F-11D3-BF4B-00C04F79EFBC}") = "FunWithSignalR", "FunWithSignalR\FunWithSignalR.csproj", "{FB802301-EB40-453F-8EE0-80A1B482BAD6}"
EndProject
Project("{FAE04EC0-301F-11D3-BF4B-00C04F79EFBC}") = "FunWithSignalR.Domain", "FunWithSignalR.Domain\FunWithSignalR.Domain.csproj", "{D57DB1CD-EC6A-4A13-A92C-43C711DF3771}"
EndProject
Project("{FAE04EC0-301F-11D3-BF4B-00C04F79EFBC}") = "FunWithSignalR.Data", "FunWithSignalR.Data\FunWithSignalR.Data.csproj", "{E9936A04-3B91-4AE1-9D05-4F203B8FCA5A}"
EndProject
Global
	GlobalSection(SolutionConfigurationPlatforms) = preSolution
		Debug|Any CPU = Debug|Any CPU
		Release|Any CPU = Release|Any CPU
	EndGlobalSection
	GlobalSection(ProjectConfigurationPlatforms) = postSolution
		{FB802301-EB40-453F-8EE0-80A1B482BAD6}.Debug|Any CPU.ActiveCfg = Debug|Any CPU
		{FB802301-EB40-453F-8EE0-80A1B482BAD6}.Debug|Any CPU.Build.0 = Debug|Any CPU
		{FB802301-EB40-453F-8EE0-80A1B482BAD6}.Release|Any CPU.ActiveCfg = Release|Any CPU
		{FB802301-EB40-453F-8EE0-80A1B482BAD6}.Release|Any CPU.Build.0 = Release|Any CPU
		{D57DB1CD-EC6A-4A13-A92C-43C711DF3771}.Debug|Any CPU.ActiveCfg = Debug|Any CPU
		{D57DB1CD-EC6A-4A13-A92C-43C711DF3771}.Debug|Any CPU.Build.0 = Debug|Any CPU
		{D57DB1CD-EC6A-4A13-A92C-43C711DF3771}.Release|Any CPU.ActiveCfg = Release|Any CPU
		{D57DB1CD-EC6A-4A13-A92C-43C711DF3771}.Release|Any CPU.Build.0 = Release|Any CPU
		{E9936A04-3B91-4AE1-9D05-4F203B8FCA5A}.Debug|Any CPU.ActiveCfg = Debug|Any CPU
		{E9936A04-3B91-4AE1-9D05-4F203B8FCA5A}.Debug|Any CPU.Build.0 = Debug|Any CPU
		{E9936A04-3B91-4AE1-9D05-4F203B8FCA5A}.Release|Any CPU.ActiveCfg = Release|Any CPU
		{E9936A04-3B91-4AE1-9D05-4F203B8FCA5A}.Release|Any CPU.Build.0 = Release|Any CPU
	EndGlobalSection
	GlobalSection(SolutionProperties) = preSolution
		HideSolutionNode = FALSE
	EndGlobalSection
EndGlobal
