
Microsoft Visual Studio Solution File, Format Version 11.00
# Visual Studio 2010
Project("{FAE04EC0-301F-11D3-BF4B-00C04F79EFBC}") = "MyProject.Data", "MyProject.Data\MyProject.Data.csproj", "{38BA1E78-A843-42FD-BD32-EB0DA37BF78C}"
EndProject
Project("{FAE04EC0-301F-11D3-BF4B-00C04F79EFBC}") = "MyProject.Model", "MyProject.Model\MyProject.Model.csproj", "{0018DD6E-5E05-4C84-A2BE-EE2D02DEABCE}"
EndProject
Project("{FAE04EC0-301F-11D3-BF4B-00C04F79EFBC}") = "MyProject.MVC", "MyProject.MVC\MyProject.MVC.csproj", "{4437868C-F22C-46C8-878C-8C612FC0CFDA}"
EndProject
Global
	GlobalSection(SolutionConfigurationPlatforms) = preSolution
		Debug|Any CPU = Debug|Any CPU
		Release|Any CPU = Release|Any CPU
	EndGlobalSection
	GlobalSection(ProjectConfigurationPlatforms) = postSolution
		{38BA1E78-A843-42FD-BD32-EB0DA37BF78C}.Debug|Any CPU.ActiveCfg = Debug|Any CPU
		{38BA1E78-A843-42FD-BD32-EB0DA37BF78C}.Debug|Any CPU.Build.0 = Debug|Any CPU
		{38BA1E78-A843-42FD-BD32-EB0DA37BF78C}.Release|Any CPU.ActiveCfg = Release|Any CPU
		{38BA1E78-A843-42FD-BD32-EB0DA37BF78C}.Release|Any CPU.Build.0 = Release|Any CPU
		{0018DD6E-5E05-4C84-A2BE-EE2D02DEABCE}.Debug|Any CPU.ActiveCfg = Debug|Any CPU
		{0018DD6E-5E05-4C84-A2BE-EE2D02DEABCE}.Debug|Any CPU.Build.0 = Debug|Any CPU
		{0018DD6E-5E05-4C84-A2BE-EE2D02DEABCE}.Release|Any CPU.ActiveCfg = Release|Any CPU
		{0018DD6E-5E05-4C84-A2BE-EE2D02DEABCE}.Release|Any CPU.Build.0 = Release|Any CPU
		{4437868C-F22C-46C8-878C-8C612FC0CFDA}.Debug|Any CPU.ActiveCfg = Debug|Any CPU
		{4437868C-F22C-46C8-878C-8C612FC0CFDA}.Debug|Any CPU.Build.0 = Debug|Any CPU
		{4437868C-F22C-46C8-878C-8C612FC0CFDA}.Release|Any CPU.ActiveCfg = Release|Any CPU
		{4437868C-F22C-46C8-878C-8C612FC0CFDA}.Release|Any CPU.Build.0 = Release|Any CPU
	EndGlobalSection
	GlobalSection(SolutionProperties) = preSolution
		HideSolutionNode = FALSE
	EndGlobalSection
EndGlobal
